{
  "version": 4,
  "terraform_version": "1.3.3",
  "serial": 9,
  "lineage": "709aa058-f5a3-1baa-33d8-7aaea9095068",
  "outputs": {},
  "resources": [
    {
      "mode": "managed",
      "type": "azurerm_linux_virtual_machine",
      "name": "vm",
      "provider": "provider[\"registry.terraform.io/hashicorp/azurerm\"]",
      "instances": [
        {
          "schema_version": 0,
          "attributes": {
            "additional_capabilities": [],
            "admin_password": "Abc@1234",
            "admin_ssh_key": [],
            "admin_username": "raja",
            "allow_extension_operations": true,
            "availability_set_id": "",
            "boot_diagnostics": [],
            "bypass_platform_safety_checks_on_user_schedule_enabled": false,
            "capacity_reservation_group_id": "",
            "computer_name": "vm-Trunk",
            "custom_data": "IyEvYmluL2Jhc2gKCiMgVXBkYXRlIHBhY2thZ2UgaW5kZXgKc3VkbyBhcHQtZ2V0IHVwZGF0ZQoKIyBJbnN0YWxsIE9wZW5KREsgKEphdmEgRGV2ZWxvcG1lbnQgS2l0KQpzdWRvIGFwdC1nZXQgaW5zdGFsbCAteSBvcGVuamRrLTExLWpkawoKIyBJbXBvcnQgSmVua2lucyByZXBvc2l0b3J5IGtleSBhbmQgYWRkIHRoZSByZXBvc2l0b3J5CnN1ZG8gd2dldCAtTyAvdXNyL3NoYXJlL2tleXJpbmdzL2plbmtpbnMta2V5cmluZy5hc2MgXAogIGh0dHBzOi8vcGtnLmplbmtpbnMuaW8vZGViaWFuLXN0YWJsZS9qZW5raW5zLmlvLTIwMjMua2V5CmVjaG8gZGViIFtzaWduZWQtYnk9L3Vzci9zaGFyZS9rZXlyaW5ncy9qZW5raW5zLWtleXJpbmcuYXNjXSBcCiAgaHR0cHM6Ly9wa2cuamVua2lucy5pby9kZWJpYW4tc3RhYmxlIGJpbmFyeS8gfCBzdWRvIHRlZSBcCiAgL2V0Yy9hcHQvc291cmNlcy5saXN0LmQvamVua2lucy5saXN0ID4gL2Rldi9udWxsCgojIFVwZGF0ZSBwYWNrYWdlIGluZGV4IGFnYWluIGFmdGVyIGFkZGluZyBKZW5raW5zIHJlcG9zaXRvcnkKc3VkbyBhcHQtZ2V0IHVwZGF0ZQoKIyBJbnN0YWxsIEplbmtpbnMKc3VkbyBhcHQtZ2V0IGluc3RhbGwgLXkgamVua2lucwoKIyBVcGRhdGUgUGFja2FnZSBmb3IgRG9ja2VyCnN1ZG8gYXB0IHVwZGF0ZQoKIyBnZXQgdGhlIGRlcGVuZGFuY3kKc3VkbyBhcHQgaW5zdGFsbCBhcHQtdHJhbnNwb3J0LWh0dHBzIGNhLWNlcnRpZmljYXRlcyBjdXJsIHNvZnR3YXJlLXByb3BlcnRpZXMtY29tbW9uCgojIEFkZCBEb2NrZXIncyBPZmZpY2lhbCBHUEcgS2V5CmN1cmwgLWZzU0wgaHR0cHM6Ly9kb3dubG9hZC5kb2NrZXIuY29tL2xpbnV4L3VidW50dS9ncGcgfCBzdWRvIGFwdC1rZXkgYWRkIC0KCiMgQWRkIERvY2tlciBSZXBvc2l0b3J5CnN1ZG8gYWRkLWFwdC1yZXBvc2l0b3J5ICJkZWIgW2FyY2g9YW1kNjRdIGh0dHBzOi8vZG93bmxvYWQuZG9ja2VyLmNvbS9saW51eC91YnVudHUgJChsc2JfcmVsZWFzZSAtY3MpIHN0YWJsZSIKCiMgVXBkYXRlIFBhY2thZ2UgYWdhaW4Kc3VkbyBhcHQgdXBkYXRlCgojIEluc3RhbGwgRG9ja2VyCnN1ZG8gYXB0IGluc3RhbGwgZG9ja2VyLWNlCgojIFN0YXJ0IERvY2tlciBTZXJ2aWNlCnN1ZG8gc3lzdGVtY3RsIHN0YXJ0IGRvY2tlcgpzdWRvIHN5c3RlbWN0bCBlbmFibGUgZG9ja2VyCgojIERvY2tlciBjaGVjawpzdWRvIGRvY2tlciAtLXZlcnNpb24KCiMgSmVua2lucyBjaGVjawpkcGtnIC1sIHwgZ3JlcCBqZW5raW5z",
            "dedicated_host_group_id": "",
            "dedicated_host_id": "",
            "disable_password_authentication": false,
            "disk_controller_type": "SCSI",
            "edge_zone": "",
            "encryption_at_host_enabled": false,
            "eviction_policy": "",
            "extensions_time_budget": "PT1H30M",
            "gallery_application": [],
            "id": "/subscriptions/70a2191c-b62d-41fe-b860-f432314c38e7/resourceGroups/Trunk/providers/Microsoft.Compute/virtualMachines/vm-Trunk",
            "identity": [],
            "license_type": "",
            "location": "eastus",
            "max_bid_price": -1,
            "name": "vm-Trunk",
            "network_interface_ids": [
              "/subscriptions/70a2191c-b62d-41fe-b860-f432314c38e7/resourceGroups/Trunk/providers/Microsoft.Network/networkInterfaces/nic-Trunk"
            ],
            "os_disk": [
              {
                "caching": "ReadWrite",
                "diff_disk_settings": [],
                "disk_encryption_set_id": "",
                "disk_size_gb": 30,
                "name": "vm-Trunk_disk1_6ff75efcd08b4007a45ce84e3dadb189",
                "secure_vm_disk_encryption_set_id": "",
                "security_encryption_type": "",
                "storage_account_type": "Standard_LRS",
                "write_accelerator_enabled": false
              }
            ],
            "os_image_notification": [],
            "patch_assessment_mode": "ImageDefault",
            "patch_mode": "ImageDefault",
            "plan": [],
            "platform_fault_domain": -1,
            "priority": "Regular",
            "private_ip_address": "192.168.1.4",
            "private_ip_addresses": [
              "192.168.1.4"
            ],
            "provision_vm_agent": true,
            "proximity_placement_group_id": "",
            "public_ip_address": "52.168.78.224",
            "public_ip_addresses": [
              "52.168.78.224"
            ],
            "reboot_setting": "",
            "resource_group_name": "Trunk",
            "secret": [],
            "secure_boot_enabled": false,
            "size": "Standard_B1s",
            "source_image_id": "",
            "source_image_reference": [
              {
                "offer": "0001-com-ubuntu-server-jammy",
                "publisher": "Canonical",
                "sku": "22_04-lts-gen2",
                "version": "latest"
              }
            ],
            "tags": null,
            "termination_notification": null,
            "timeouts": null,
            "user_data": "",
            "virtual_machine_id": "03ca20b4-0c99-4c7e-af53-12eca9a795bc",
            "virtual_machine_scale_set_id": "",
            "vm_agent_platform_updates_enabled": false,
            "vtpm_enabled": false,
            "zone": ""
          },
          "sensitive_attributes": [],
          "private": "eyJlMmJmYjczMC1lY2FhLTExZTYtOGY4OC0zNDM2M2JjN2M0YzAiOnsiY3JlYXRlIjoyNzAwMDAwMDAwMDAwLCJkZWxldGUiOjI3MDAwMDAwMDAwMDAsInJlYWQiOjMwMDAwMDAwMDAwMCwidXBkYXRlIjoyNzAwMDAwMDAwMDAwfX0=",
          "dependencies": [
            "azurerm_network_interface.nic",
            "azurerm_public_ip.pip",
            "azurerm_resource_group.res_grp",
            "azurerm_subnet.subnets",
            "azurerm_virtual_network.v_net"
          ]
        }
      ]
    },
    {
      "mode": "managed",
      "type": "azurerm_network_interface",
      "name": "nic",
      "provider": "provider[\"registry.terraform.io/hashicorp/azurerm\"]",
      "instances": [
        {
          "schema_version": 0,
          "attributes": {
            "applied_dns_servers": [],
            "auxiliary_mode": "",
            "auxiliary_sku": "",
            "dns_servers": [],
            "edge_zone": "",
            "enable_accelerated_networking": false,
            "enable_ip_forwarding": false,
            "id": "/subscriptions/70a2191c-b62d-41fe-b860-f432314c38e7/resourceGroups/Trunk/providers/Microsoft.Network/networkInterfaces/nic-Trunk",
            "internal_dns_name_label": "",
            "internal_domain_name_suffix": "1e34hkwlgxjubeb3h1jmui5zrd.bx.internal.cloudapp.net",
            "ip_configuration": [
              {
                "gateway_load_balancer_frontend_ip_configuration_id": "",
                "name": "internal",
                "primary": true,
                "private_ip_address": "192.168.1.4",
                "private_ip_address_allocation": "Dynamic",
                "private_ip_address_version": "IPv4",
                "public_ip_address_id": "/subscriptions/70a2191c-b62d-41fe-b860-f432314c38e7/resourceGroups/Trunk/providers/Microsoft.Network/publicIPAddresses/publicip-Trunk",
                "subnet_id": "/subscriptions/70a2191c-b62d-41fe-b860-f432314c38e7/resourceGroups/Trunk/providers/Microsoft.Network/virtualNetworks/Virtual_Network-Trunk/subnets/subnet-1-Trunk"
              }
            ],
            "location": "eastus",
            "mac_address": "",
            "name": "nic-Trunk",
            "private_ip_address": "192.168.1.4",
            "private_ip_addresses": [
              "192.168.1.4"
            ],
            "resource_group_name": "Trunk",
            "tags": null,
            "timeouts": null,
            "virtual_machine_id": ""
          },
          "sensitive_attributes": [],
          "private": "eyJlMmJmYjczMC1lY2FhLTExZTYtOGY4OC0zNDM2M2JjN2M0YzAiOnsiY3JlYXRlIjoxODAwMDAwMDAwMDAwLCJkZWxldGUiOjE4MDAwMDAwMDAwMDAsInJlYWQiOjMwMDAwMDAwMDAwMCwidXBkYXRlIjoxODAwMDAwMDAwMDAwfX0=",
          "dependencies": [
            "azurerm_public_ip.pip",
            "azurerm_resource_group.res_grp",
            "azurerm_subnet.subnets",
            "azurerm_virtual_network.v_net"
          ]
        }
      ]
    },
    {
      "mode": "managed",
      "type": "azurerm_network_security_group",
      "name": "nsg",
      "provider": "provider[\"registry.terraform.io/hashicorp/azurerm\"]",
      "instances": [
        {
          "schema_version": 0,
          "attributes": {
            "id": "/subscriptions/70a2191c-b62d-41fe-b860-f432314c38e7/resourceGroups/Trunk/providers/Microsoft.Network/networkSecurityGroups/NSG-Trunk",
            "location": "eastus",
            "name": "NSG-Trunk",
            "resource_group_name": "Trunk",
            "security_rule": [
              {
                "access": "Allow",
                "description": "",
                "destination_address_prefix": "*",
                "destination_address_prefixes": [],
                "destination_application_security_group_ids": [],
                "destination_port_range": "135",
                "destination_port_ranges": [],
                "direction": "Inbound",
                "name": "RPC",
                "priority": 103,
                "protocol": "Tcp",
                "source_address_prefix": "*",
                "source_address_prefixes": [],
                "source_application_security_group_ids": [],
                "source_port_range": "*",
                "source_port_ranges": []
              },
              {
                "access": "Allow",
                "description": "",
                "destination_address_prefix": "*",
                "destination_address_prefixes": [],
                "destination_application_security_group_ids": [],
                "destination_port_range": "22",
                "destination_port_ranges": [],
                "direction": "Inbound",
                "name": "SSH",
                "priority": 100,
                "protocol": "Tcp",
                "source_address_prefix": "*",
                "source_address_prefixes": [],
                "source_application_security_group_ids": [],
                "source_port_range": "*",
                "source_port_ranges": []
              },
              {
                "access": "Allow",
                "description": "",
                "destination_address_prefix": "*",
                "destination_address_prefixes": [],
                "destination_application_security_group_ids": [],
                "destination_port_range": "80",
                "destination_port_ranges": [],
                "direction": "Inbound",
                "name": "HTTP",
                "priority": 101,
                "protocol": "Tcp",
                "source_address_prefix": "*",
                "source_address_prefixes": [],
                "source_application_security_group_ids": [],
                "source_port_range": "*",
                "source_port_ranges": []
              },
              {
                "access": "Allow",
                "description": "",
                "destination_address_prefix": "*",
                "destination_address_prefixes": [],
                "destination_application_security_group_ids": [],
                "destination_port_range": "8080",
                "destination_port_ranges": [],
                "direction": "Inbound",
                "name": "JENKINS",
                "priority": 102,
                "protocol": "Tcp",
                "source_address_prefix": "*",
                "source_address_prefixes": [],
                "source_application_security_group_ids": [],
                "source_port_range": "*",
                "source_port_ranges": []
              }
            ],
            "tags": {
              "department": "Operations",
              "env": "training"
            },
            "timeouts": null
          },
          "sensitive_attributes": [],
          "private": "eyJlMmJmYjczMC1lY2FhLTExZTYtOGY4OC0zNDM2M2JjN2M0YzAiOnsiY3JlYXRlIjoxODAwMDAwMDAwMDAwLCJkZWxldGUiOjE4MDAwMDAwMDAwMDAsInJlYWQiOjMwMDAwMDAwMDAwMCwidXBkYXRlIjoxODAwMDAwMDAwMDAwfX0=",
          "dependencies": [
            "azurerm_resource_group.res_grp"
          ]
        }
      ]
    },
    {
      "mode": "managed",
      "type": "azurerm_public_ip",
      "name": "pip",
      "provider": "provider[\"registry.terraform.io/hashicorp/azurerm\"]",
      "instances": [
        {
          "schema_version": 0,
          "attributes": {
            "allocation_method": "Dynamic",
            "ddos_protection_mode": "VirtualNetworkInherited",
            "ddos_protection_plan_id": null,
            "domain_name_label": null,
            "edge_zone": "",
            "fqdn": null,
            "id": "/subscriptions/70a2191c-b62d-41fe-b860-f432314c38e7/resourceGroups/Trunk/providers/Microsoft.Network/publicIPAddresses/publicip-Trunk",
            "idle_timeout_in_minutes": 4,
            "ip_address": "",
            "ip_tags": null,
            "ip_version": "IPv4",
            "location": "eastus",
            "name": "publicip-Trunk",
            "public_ip_prefix_id": null,
            "resource_group_name": "Trunk",
            "reverse_fqdn": null,
            "sku": "Basic",
            "sku_tier": "Regional",
            "tags": null,
            "timeouts": null,
            "zones": null
          },
          "sensitive_attributes": [],
          "private": "eyJlMmJmYjczMC1lY2FhLTExZTYtOGY4OC0zNDM2M2JjN2M0YzAiOnsiY3JlYXRlIjoxODAwMDAwMDAwMDAwLCJkZWxldGUiOjE4MDAwMDAwMDAwMDAsInJlYWQiOjMwMDAwMDAwMDAwMCwidXBkYXRlIjoxODAwMDAwMDAwMDAwfX0=",
          "dependencies": [
            "azurerm_resource_group.res_grp"
          ]
        }
      ]
    },
    {
      "mode": "managed",
      "type": "azurerm_resource_group",
      "name": "res_grp",
      "provider": "provider[\"registry.terraform.io/hashicorp/azurerm\"]",
      "instances": [
        {
          "schema_version": 0,
          "attributes": {
            "id": "/subscriptions/70a2191c-b62d-41fe-b860-f432314c38e7/resourceGroups/Trunk",
            "location": "eastus",
            "managed_by": "",
            "name": "Trunk",
            "tags": null,
            "timeouts": null
          },
          "sensitive_attributes": [],
          "private": "eyJlMmJmYjczMC1lY2FhLTExZTYtOGY4OC0zNDM2M2JjN2M0YzAiOnsiY3JlYXRlIjo1NDAwMDAwMDAwMDAwLCJkZWxldGUiOjU0MDAwMDAwMDAwMDAsInJlYWQiOjMwMDAwMDAwMDAwMCwidXBkYXRlIjo1NDAwMDAwMDAwMDAwfX0="
        }
      ]
    },
    {
      "mode": "managed",
      "type": "azurerm_subnet",
      "name": "subnets",
      "provider": "provider[\"registry.terraform.io/hashicorp/azurerm\"]",
      "instances": [
        {
          "index_key": 0,
          "schema_version": 0,
          "attributes": {
            "address_prefixes": [
              "192.168.1.0/24"
            ],
            "delegation": [],
            "enforce_private_link_endpoint_network_policies": false,
            "enforce_private_link_service_network_policies": false,
            "id": "/subscriptions/70a2191c-b62d-41fe-b860-f432314c38e7/resourceGroups/Trunk/providers/Microsoft.Network/virtualNetworks/Virtual_Network-Trunk/subnets/subnet-1-Trunk",
            "name": "subnet-1-Trunk",
            "private_endpoint_network_policies_enabled": true,
            "private_link_service_network_policies_enabled": true,
            "resource_group_name": "Trunk",
            "service_endpoint_policy_ids": null,
            "service_endpoints": null,
            "timeouts": null,
            "virtual_network_name": "Virtual_Network-Trunk"
          },
          "sensitive_attributes": [],
          "private": "eyJlMmJmYjczMC1lY2FhLTExZTYtOGY4OC0zNDM2M2JjN2M0YzAiOnsiY3JlYXRlIjoxODAwMDAwMDAwMDAwLCJkZWxldGUiOjE4MDAwMDAwMDAwMDAsInJlYWQiOjMwMDAwMDAwMDAwMCwidXBkYXRlIjoxODAwMDAwMDAwMDAwfX0=",
          "dependencies": [
            "azurerm_resource_group.res_grp",
            "azurerm_virtual_network.v_net"
          ]
        },
        {
          "index_key": 1,
          "schema_version": 0,
          "attributes": {
            "address_prefixes": [
              "192.168.2.0/24"
            ],
            "delegation": [],
            "enforce_private_link_endpoint_network_policies": false,
            "enforce_private_link_service_network_policies": false,
            "id": "/subscriptions/70a2191c-b62d-41fe-b860-f432314c38e7/resourceGroups/Trunk/providers/Microsoft.Network/virtualNetworks/Virtual_Network-Trunk/subnets/subnet-2-Trunk",
            "name": "subnet-2-Trunk",
            "private_endpoint_network_policies_enabled": true,
            "private_link_service_network_policies_enabled": true,
            "resource_group_name": "Trunk",
            "service_endpoint_policy_ids": null,
            "service_endpoints": null,
            "timeouts": null,
            "virtual_network_name": "Virtual_Network-Trunk"
          },
          "sensitive_attributes": [],
          "private": "eyJlMmJmYjczMC1lY2FhLTExZTYtOGY4OC0zNDM2M2JjN2M0YzAiOnsiY3JlYXRlIjoxODAwMDAwMDAwMDAwLCJkZWxldGUiOjE4MDAwMDAwMDAwMDAsInJlYWQiOjMwMDAwMDAwMDAwMCwidXBkYXRlIjoxODAwMDAwMDAwMDAwfX0=",
          "dependencies": [
            "azurerm_resource_group.res_grp",
            "azurerm_virtual_network.v_net"
          ]
        }
      ]
    },
    {
      "mode": "managed",
      "type": "azurerm_virtual_network",
      "name": "v_net",
      "provider": "provider[\"registry.terraform.io/hashicorp/azurerm\"]",
      "instances": [
        {
          "schema_version": 0,
          "attributes": {
            "address_space": [
              "192.168.0.0/16"
            ],
            "bgp_community": "",
            "ddos_protection_plan": [],
            "dns_servers": [],
            "edge_zone": "",
            "encryption": [],
            "flow_timeout_in_minutes": 0,
            "guid": "aae33bd9-35cb-40d3-903d-3ed2ca23f98b",
            "id": "/subscriptions/70a2191c-b62d-41fe-b860-f432314c38e7/resourceGroups/Trunk/providers/Microsoft.Network/virtualNetworks/Virtual_Network-Trunk",
            "location": "eastus",
            "name": "Virtual_Network-Trunk",
            "resource_group_name": "Trunk",
            "subnet": [],
            "tags": {
              "department": "Operations",
              "env": "training"
            },
            "timeouts": null
          },
          "sensitive_attributes": [],
          "private": "eyJlMmJmYjczMC1lY2FhLTExZTYtOGY4OC0zNDM2M2JjN2M0YzAiOnsiY3JlYXRlIjoxODAwMDAwMDAwMDAwLCJkZWxldGUiOjE4MDAwMDAwMDAwMDAsInJlYWQiOjMwMDAwMDAwMDAwMCwidXBkYXRlIjoxODAwMDAwMDAwMDAwfX0=",
          "dependencies": [
            "azurerm_resource_group.res_grp"
          ]
        }
      ]
    }
  ],
  "check_results": []
}
